
Microsoft Visual Studio Solution File, Format Version 12.00
# Visual Studio Version 16
VisualStudioVersion = 16.0.31911.196
MinimumVisualStudioVersion = 10.0.40219.1
Project("{FAE04EC0-301F-11D3-BF4B-00C04F79EFBC}") = "2quvveti", "2quvveti\2quvveti.csproj", "{7522F55F-7429-4401-8B5E-17B2B5215ADE}"
EndProject
Global
	GlobalSection(SolutionConfigurationPlatforms) = preSolution
		Debug|Any CPU = Debug|Any CPU
		Release|Any CPU = Release|Any CPU
	EndGlobalSection
	GlobalSection(ProjectConfigurationPlatforms) = postSolution
		{7522F55F-7429-4401-8B5E-17B2B5215ADE}.Debug|Any CPU.ActiveCfg = Debug|Any CPU
		{7522F55F-7429-4401-8B5E-17B2B5215ADE}.Debug|Any CPU.Build.0 = Debug|Any CPU
		{7522F55F-7429-4401-8B5E-17B2B5215ADE}.Release|Any CPU.ActiveCfg = Release|Any CPU
		{7522F55F-7429-4401-8B5E-17B2B5215ADE}.Release|Any CPU.Build.0 = Release|Any CPU
	EndGlobalSection
	GlobalSection(SolutionProperties) = preSolution
		HideSolutionNode = FALSE
	EndGlobalSection
	GlobalSection(ExtensibilityGlobals) = postSolution
		SolutionGuid = {C2B781C2-6FA1-4AA6-94CA-8DF86C0636E2}
	EndGlobalSection
EndGlobal
